
Microsoft Visual Studio Solution File, Format Version 12.00
# Visual Studio Version 16
VisualStudioVersion = 16.0.31624.102
MinimumVisualStudioVersion = 10.0.40219.1
Project("{9A19103F-16F7-4668-BE54-9A1E7A4F7556}") = "Q3-Concept.Server", "Q3-Concept.Server\Q3-Concept.Server.csproj", "{92B0371A-4032-4B70-8547-A0C563107488}"
EndProject
Project("{9A19103F-16F7-4668-BE54-9A1E7A4F7556}") = "DAL", "DAL\DAL.csproj", "{B3209444-1528-48D1-9CC3-F82E397C9492}"
EndProject
Project("{9A19103F-16F7-4668-BE54-9A1E7A4F7556}") = "Model", "DataModel\Model.csproj", "{A36958D3-719F-49CB-938F-051AD60088FC}"
EndProject
Project("{9A19103F-16F7-4668-BE54-9A1E7A4F7556}") = "Logic", "Logic\Logic.csproj", "{F57C679A-FA66-4E29-9ADF-BAD9DA3E2DBF}"
EndProject
Project("{FAE04EC0-301F-11D3-BF4B-00C04F79EFBC}") = "Q3DALUnitTest", "Q3DALUnitTest\Q3DALUnitTest.csproj", "{245EFB93-5E6D-47AB-BCCA-D3C680028731}"
EndProject
Global
	GlobalSection(SolutionConfigurationPlatforms) = preSolution
		Debug|Any CPU = Debug|Any CPU
		Release|Any CPU = Release|Any CPU
	EndGlobalSection
	GlobalSection(ProjectConfigurationPlatforms) = postSolution
		{92B0371A-4032-4B70-8547-A0C563107488}.Debug|Any CPU.ActiveCfg = Debug|Any CPU
		{92B0371A-4032-4B70-8547-A0C563107488}.Debug|Any CPU.Build.0 = Debug|Any CPU
		{92B0371A-4032-4B70-8547-A0C563107488}.Release|Any CPU.ActiveCfg = Release|Any CPU
		{92B0371A-4032-4B70-8547-A0C563107488}.Release|Any CPU.Build.0 = Release|Any CPU
		{B3209444-1528-48D1-9CC3-F82E397C9492}.Debug|Any CPU.ActiveCfg = Debug|Any CPU
		{B3209444-1528-48D1-9CC3-F82E397C9492}.Debug|Any CPU.Build.0 = Debug|Any CPU
		{B3209444-1528-48D1-9CC3-F82E397C9492}.Release|Any CPU.ActiveCfg = Release|Any CPU
		{B3209444-1528-48D1-9CC3-F82E397C9492}.Release|Any CPU.Build.0 = Release|Any CPU
		{A36958D3-719F-49CB-938F-051AD60088FC}.Debug|Any CPU.ActiveCfg = Debug|Any CPU
		{A36958D3-719F-49CB-938F-051AD60088FC}.Debug|Any CPU.Build.0 = Debug|Any CPU
		{A36958D3-719F-49CB-938F-051AD60088FC}.Release|Any CPU.ActiveCfg = Release|Any CPU
		{A36958D3-719F-49CB-938F-051AD60088FC}.Release|Any CPU.Build.0 = Release|Any CPU
		{F57C679A-FA66-4E29-9ADF-BAD9DA3E2DBF}.Debug|Any CPU.ActiveCfg = Debug|Any CPU
		{F57C679A-FA66-4E29-9ADF-BAD9DA3E2DBF}.Debug|Any CPU.Build.0 = Debug|Any CPU
		{F57C679A-FA66-4E29-9ADF-BAD9DA3E2DBF}.Release|Any CPU.ActiveCfg = Release|Any CPU
		{F57C679A-FA66-4E29-9ADF-BAD9DA3E2DBF}.Release|Any CPU.Build.0 = Release|Any CPU
		{245EFB93-5E6D-47AB-BCCA-D3C680028731}.Debug|Any CPU.ActiveCfg = Debug|Any CPU
		{245EFB93-5E6D-47AB-BCCA-D3C680028731}.Debug|Any CPU.Build.0 = Debug|Any CPU
		{245EFB93-5E6D-47AB-BCCA-D3C680028731}.Release|Any CPU.ActiveCfg = Release|Any CPU
		{245EFB93-5E6D-47AB-BCCA-D3C680028731}.Release|Any CPU.Build.0 = Release|Any CPU
	EndGlobalSection
	GlobalSection(SolutionProperties) = preSolution
		HideSolutionNode = FALSE
	EndGlobalSection
	GlobalSection(ExtensibilityGlobals) = postSolution
		SolutionGuid = {CEA41C73-BC63-4166-8005-314032D8ACFC}
	EndGlobalSection
EndGlobal
